
Microsoft Visual Studio Solution File, Format Version 12.00
# Visual Studio Version 16
VisualStudioVersion = 16.0.30517.126
MinimumVisualStudioVersion = 10.0.40219.1
Project("{FAE04EC0-301F-11D3-BF4B-00C04F79EFBC}") = "WalletMicroservice.WalletService", "WalletMicroservice.WalletService\WalletMicroservice.WalletService.csproj", "{56A37D6F-77A7-4D88-903E-32284BBFBF73}"
EndProject
Global
	GlobalSection(SolutionConfigurationPlatforms) = preSolution
		Debug|Any CPU = Debug|Any CPU
		Release|Any CPU = Release|Any CPU
	EndGlobalSection
	GlobalSection(ProjectConfigurationPlatforms) = postSolution
		{56A37D6F-77A7-4D88-903E-32284BBFBF73}.Debug|Any CPU.ActiveCfg = Debug|Any CPU
		{56A37D6F-77A7-4D88-903E-32284BBFBF73}.Debug|Any CPU.Build.0 = Debug|Any CPU
		{56A37D6F-77A7-4D88-903E-32284BBFBF73}.Release|Any CPU.ActiveCfg = Release|Any CPU
		{56A37D6F-77A7-4D88-903E-32284BBFBF73}.Release|Any CPU.Build.0 = Release|Any CPU
	EndGlobalSection
	GlobalSection(SolutionProperties) = preSolution
		HideSolutionNode = FALSE
	EndGlobalSection
	GlobalSection(ExtensibilityGlobals) = postSolution
		SolutionGuid = {0029A437-3765-4C0A-BBF1-09F81D308DB0}
	EndGlobalSection
EndGlobal
