
Microsoft Visual Studio Solution File, Format Version 12.00
# Visual Studio Version 16
VisualStudioVersion = 16.0.30517.126
MinimumVisualStudioVersion = 10.0.40219.1
Project("{FAE04EC0-301F-11D3-BF4B-00C04F79EFBC}") = "WalletMicroservice.ApiGateway", "WalletMicroservice.ApiGateway\WalletMicroservice.ApiGateway.csproj", "{92D77A44-2DCE-4C28-9B7B-0C56414FF6E0}"
EndProject
Global
	GlobalSection(SolutionConfigurationPlatforms) = preSolution
		Debug|Any CPU = Debug|Any CPU
		Release|Any CPU = Release|Any CPU
	EndGlobalSection
	GlobalSection(ProjectConfigurationPlatforms) = postSolution
		{92D77A44-2DCE-4C28-9B7B-0C56414FF6E0}.Debug|Any CPU.ActiveCfg = Debug|Any CPU
		{92D77A44-2DCE-4C28-9B7B-0C56414FF6E0}.Debug|Any CPU.Build.0 = Debug|Any CPU
		{92D77A44-2DCE-4C28-9B7B-0C56414FF6E0}.Release|Any CPU.ActiveCfg = Release|Any CPU
		{92D77A44-2DCE-4C28-9B7B-0C56414FF6E0}.Release|Any CPU.Build.0 = Release|Any CPU
	EndGlobalSection
	GlobalSection(SolutionProperties) = preSolution
		HideSolutionNode = FALSE
	EndGlobalSection
	GlobalSection(ExtensibilityGlobals) = postSolution
		SolutionGuid = {10E01FB0-6E91-4F34-9E3B-C2555D509491}
	EndGlobalSection
EndGlobal
